<?xml version="1.0" encoding="utf-8"?>
<Project ToolsVersion="4.0" xmlns="http://schemas.microsoft.com/developer/msbuild/2003">
  <ItemGroup>
    <Filter Include="Source Files">
      <UniqueIdentifier>{4FC737F1-C7A5-4376-A066-2A32D752A2FF}</UniqueIdentifier>
      <Extensions>cpp;cxx;c;def</Extensions>
    </Filter>
    <Filter Include="Header Files">
      <UniqueIdentifier>{93995380-89BD-4b04-88EB-625FBE52EBFB}</UniqueIdentifier>
      <Extensions>h</Extensions>
    </Filter>
    <Filter Include="Form Files">
      <UniqueIdentifier>{99349809-55BA-4b9d-BF79-8FDBB0286EB3}</UniqueIdentifier>
      <Extensions>ui</Extensions>
    </Filter>
    <Filter Include="Resource Files">
      <UniqueIdentifier>{D9D6E242-F8AF-46E4-B9FD-80ECBC20BA3E}</UniqueIdentifier>
      <Extensions>qrc;*</Extensions>
      <ParseFiles>false</ParseFiles>
    </Filter>
    <Filter Include="Generated Files">
      <UniqueIdentifier>{71ED8ED8-ACB9-4CE9-BBE1-E00B30144E11}</UniqueIdentifier>
      <Extensions>moc;h;cpp</Extensions>
      <SourceControlFiles>False</SourceControlFiles>
    </Filter>
    <Filter Include="Generated Files\Release">
      <UniqueIdentifier>{c704f92d-2c25-4bd7-8f97-e3fef2144d97}</UniqueIdentifier>
      <Extensions>cpp;moc</Extensions>
      <SourceControlFiles>False</SourceControlFiles>
    </Filter>
    <Filter Include="Generated Files\Debug">
      <UniqueIdentifier>{86848c7d-bca5-4e60-a356-27b5b7f9b28a}</UniqueIdentifier>
      <Extensions>cpp;moc</Extensions>
      <SourceControlFiles>False</SourceControlFiles>
    </Filter>
  </ItemGroup>
  <ItemGroup>
    <ClCompile Include="circuloClasi.cpp">
      <Filter>Source Files</Filter>
    </ClCompile>
    <ClCompile Include="colorlabel.cpp">
      <Filter>Source Files</Filter>
    </ClCompile>
    <ClCompile Include="configclasi.cpp">
      <Filter>Source Files</Filter>
    </ClCompile>
    <ClCompile Include="ddsbase.cpp">
      <Filter>Source Files</Filter>
    </ClCompile>
    <ClCompile Include="ejeLinea.cpp">
      <Filter>Source Files</Filter>
    </ClCompile>
    <ClCompile Include="ftm.cpp">
      <Filter>Source Files</Filter>
    </ClCompile>
    <ClCompile Include="FunctionTrans.cpp">
      <Filter>Source Files</Filter>
    </ClCompile>
    <ClCompile Include="guiaftm.cpp">
      <Filter>Source Files</Filter>
    </ClCompile>
    <ClCompile Include="main.cpp">
      <Filter>Source Files</Filter>
    </ClCompile>
    <ClCompile Include="Matrix.cpp">
      <Filter>Source Files</Filter>
    </ClCompile>
    <ClCompile Include="pantalla.cpp">
      <Filter>Source Files</Filter>
    </ClCompile>
    <ClCompile Include="pintaFT.cpp">
      <Filter>Source Files</Filter>
    </ClCompile>
    <ClCompile Include="pintaftseg.cpp">
      <Filter>Source Files</Filter>
    </ClCompile>
    <ClCompile Include="pintaFTUni.cpp">
      <Filter>Source Files</Filter>
    </ClCompile>
    <ClCompile Include="Quaternion.cpp">
      <Filter>Source Files</Filter>
    </ClCompile>
    <ClCompile Include="rectanguloClasi.cpp">
      <Filter>Source Files</Filter>
    </ClCompile>
    <ClCompile Include="trianguloClasi.cpp">
      <Filter>Source Files</Filter>
    </ClCompile>
    <ClCompile Include="GeneratedFiles\qrc_ftm.cpp">
      <Filter>Generated Files</Filter>
    </ClCompile>
    <ClCompile Include="GeneratedFiles\Release\moc_colorlabel.cpp">
      <Filter>Generated Files\Release</Filter>
    </ClCompile>
    <ClCompile Include="GeneratedFiles\Release\moc_configclasi.cpp">
      <Filter>Generated Files\Release</Filter>
    </ClCompile>
    <ClCompile Include="GeneratedFiles\Release\moc_ftm.cpp">
      <Filter>Generated Files\Release</Filter>
    </ClCompile>
    <ClCompile Include="GeneratedFiles\Release\moc_guiaftm.cpp">
      <Filter>Generated Files\Release</Filter>
    </ClCompile>
    <ClCompile Include="GeneratedFiles\Release\moc_pantalla.cpp">
      <Filter>Generated Files\Release</Filter>
    </ClCompile>
    <ClCompile Include="GeneratedFiles\Release\moc_pintaFT.cpp">
      <Filter>Generated Files\Release</Filter>
    </ClCompile>
    <ClCompile Include="GeneratedFiles\Release\moc_pintaftseg.cpp">
      <Filter>Generated Files\Release</Filter>
    </ClCompile>
    <ClCompile Include="GeneratedFiles\Release\moc_pintaFTUni.cpp">
      <Filter>Generated Files\Release</Filter>
    </ClCompile>
    <ClCompile Include="GeneratedFiles\Debug\moc_colorlabel.cpp">
      <Filter>Generated Files\Debug</Filter>
    </ClCompile>
    <ClCompile Include="GeneratedFiles\Debug\moc_configclasi.cpp">
      <Filter>Generated Files\Debug</Filter>
    </ClCompile>
    <ClCompile Include="GeneratedFiles\Debug\moc_ftm.cpp">
      <Filter>Generated Files\Debug</Filter>
    </ClCompile>
    <ClCompile Include="GeneratedFiles\Debug\moc_guiaftm.cpp">
      <Filter>Generated Files\Debug</Filter>
    </ClCompile>
    <ClCompile Include="GeneratedFiles\Debug\moc_pantalla.cpp">
      <Filter>Generated Files\Debug</Filter>
    </ClCompile>
    <ClCompile Include="GeneratedFiles\Debug\moc_pintaFT.cpp">
      <Filter>Generated Files\Debug</Filter>
    </ClCompile>
    <ClCompile Include="GeneratedFiles\Debug\moc_pintaftseg.cpp">
      <Filter>Generated Files\Debug</Filter>
    </ClCompile>
    <ClCompile Include="GeneratedFiles\Debug\moc_pintaFTUni.cpp">
      <Filter>Generated Files\Debug</Filter>
    </ClCompile>
  </ItemGroup>
  <ItemGroup>
    <ClInclude Include="circuloClasi.h">
      <Filter>Header Files</Filter>
    </ClInclude>
    <ClInclude Include="clasificaFig.h">
      <Filter>Header Files</Filter>
    </ClInclude>
    <ClInclude Include="codebase.h">
      <Filter>Header Files</Filter>
    </ClInclude>
    <ClInclude Include="ddsbase.h">
      <Filter>Header Files</Filter>
    </ClInclude>
    <ClInclude Include="ejeLinea.h">
      <Filter>Header Files</Filter>
    </ClInclude>
    <ClInclude Include="FunctionTrans.h">
      <Filter>Header Files</Filter>
    </ClInclude>
    <ClInclude Include="Matrix.h">
      <Filter>Header Files</Filter>
    </ClInclude>
    <ClInclude Include="Quaternion.h">
      <Filter>Header Files</Filter>
    </ClInclude>
    <ClInclude Include="rectanguloClasi.h">
      <Filter>Header Files</Filter>
    </ClInclude>
    <ClInclude Include="Shader.h">
      <Filter>Header Files</Filter>
    </ClInclude>
    <ClInclude Include="Textura3d.h">
      <Filter>Header Files</Filter>
    </ClInclude>
    <ClInclude Include="GeneratedFiles\ui_ftm.h">
      <Filter>Generated Files</Filter>
    </ClInclude>
  </ItemGroup>
  <ItemGroup>
    <None Include="ClassDiagram1.cd" />
    <None Include="frag.glsl" />
    <None Include="fragRay.glsl" />
    <None Include="vert.glsl" />
    <None Include="vertRay.glsl" />
  </ItemGroup>
  <ItemGroup>
    <CustomBuild Include="colorlabel.h">
      <Filter>Header Files</Filter>
    </CustomBuild>
    <CustomBuild Include="configclasi.h">
      <Filter>Header Files</Filter>
    </CustomBuild>
    <CustomBuild Include="ftm.h">
      <Filter>Header Files</Filter>
    </CustomBuild>
    <CustomBuild Include="guiaftm.h">
      <Filter>Header Files</Filter>
    </CustomBuild>
    <CustomBuild Include="pantalla.h">
      <Filter>Header Files</Filter>
    </CustomBuild>
    <CustomBuild Include="pintaFT.h">
      <Filter>Header Files</Filter>
    </CustomBuild>
    <CustomBuild Include="pintaftseg.h">
      <Filter>Header Files</Filter>
    </CustomBuild>
    <CustomBuild Include="pintaFTUni.h">
      <Filter>Header Files</Filter>
    </CustomBuild>
    <CustomBuild Include="trianguloClasi.h">
      <Filter>Header Files</Filter>
    </CustomBuild>
    <CustomBuild Include="ftm.ui">
      <Filter>Form Files</Filter>
    </CustomBuild>
    <CustomBuild Include="ftm.qrc">
      <Filter>Resource Files</Filter>
    </CustomBuild>
  </ItemGroup>
</Project>